// !$*UTF8*$!
{
	archiveVersion = 1;
	classes = {
	};
	objectVersion = 56;
	objects = {

/* Begin PBXBuildFile section */
		DC2F90652980AEA200C1C6D4 /* stopwatchKinderApp.swift in Sources */ = {isa = PBXBuildFile; fileRef = DC2F90642980AEA200C1C6D4 /* stopwatchKinderApp.swift */; };
		DC2F90692980AEA400C1C6D4 /* Assets.xcassets in Resources */ = {isa = PBXBuildFile; fileRef = DC2F90682980AEA400C1C6D4 /* Assets.xcassets */; };
		DC2F906C2980AEA400C1C6D4 /* Preview Assets.xcassets in Resources */ = {isa = PBXBuildFile; fileRef = DC2F906B2980AEA400C1C6D4 /* Preview Assets.xcassets */; };
		DC2F90762980AEA400C1C6D4 /* stopwatchKinderTests.swift in Sources */ = {isa = PBXBuildFile; fileRef = DC2F90752980AEA400C1C6D4 /* stopwatchKinderTests.swift */; };
		DC2F90802980AEA400C1C6D4 /* stopwatchKinderUITests.swift in Sources */ = {isa = PBXBuildFile; fileRef = DC2F907F2980AEA400C1C6D4 /* stopwatchKinderUITests.swift */; };
		DC2F90822980AEA400C1C6D4 /* stopwatchKinderUITestsLaunchTests.swift in Sources */ = {isa = PBXBuildFile; fileRef = DC2F90812980AEA400C1C6D4 /* stopwatchKinderUITestsLaunchTests.swift */; };
		DC2F908F2980B6DC00C1C6D4 /* New.swift in Sources */ = {isa = PBXBuildFile; fileRef = DC2F908E2980B6DC00C1C6D4 /* New.swift */; };
/* End PBXBuildFile section */

/* Begin PBXContainerItemProxy section */
		DC2F90722980AEA400C1C6D4 /* PBXContainerItemProxy */ = {
			isa = PBXContainerItemProxy;
			containerPortal = DC2F90592980AEA200C1C6D4 /* Project object */;
			proxyType = 1;
			remoteGlobalIDString = DC2F90602980AEA200C1C6D4;
			remoteInfo = stopwatchKinder;
		};
		DC2F907C2980AEA400C1C6D4 /* PBXContainerItemProxy */ = {
			isa = PBXContainerItemProxy;
			containerPortal = DC2F90592980AEA200C1C6D4 /* Project object */;
			proxyType = 1;
			remoteGlobalIDString = DC2F90602980AEA200C1C6D4;
			remoteInfo = stopwatchKinder;
		};
/* End PBXContainerItemProxy section */

/* Begin PBXFileReference section */
		DC2F90612980AEA200C1C6D4 /* stopwatchKinder.app */ = {isa = PBXFileReference; explicitFileType = wrapper.application; includeInIndex = 0; path = stopwatchKinder.app; sourceTree = BUILT_PRODUCTS_DIR; };
		DC2F90642980AEA200C1C6D4 /* stopwatchKinderApp.swift */ = {isa = PBXFileReference; lastKnownFileType = sourcecode.swift; path = stopwatchKinderApp.swift; sourceTree = "<group>"; };
		DC2F90682980AEA400C1C6D4 /* Assets.xcassets */ = {isa = PBXFileReference; lastKnownFileType = folder.assetcatalog; path = Assets.xcassets; sourceTree = "<group>"; };
		DC2F906B2980AEA400C1C6D4 /* Preview Assets.xcassets */ = {isa = PBXFileReference; lastKnownFileType = folder.assetcatalog; path = "Preview Assets.xcassets"; sourceTree = "<group>"; };
		DC2F90712980AEA400C1C6D4 /* stopwatchKinderTests.xctest */ = {isa = PBXFileReference; explicitFileType = wrapper.cfbundle; includeInIndex = 0; path = stopwatchKinderTests.xctest; sourceTree = BUILT_PRODUCTS_DIR; };
		DC2F90752980AEA400C1C6D4 /* stopwatchKinderTests.swift */ = {isa = PBXFileReference; lastKnownFileType = sourcecode.swift; path = stopwatchKinderTests.swift; sourceTree = "<group>"; };
		DC2F907B2980AEA400C1C6D4 /* stopwatchKinderUITests.xctest */ = {isa = PBXFileReference; explicitFileType = wrapper.cfbundle; includeInIndex = 0; path = stopwatchKinderUITests.xctest; sourceTree = BUILT_PRODUCTS_DIR; };
		DC2F907F2980AEA400C1C6D4 /* stopwatchKinderUITests.swift */ = {isa = PBXFileReference; lastKnownFileType = sourcecode.swift; path = stopwatchKinderUITests.swift; sourceTree = "<group>"; };
		DC2F90812980AEA400C1C6D4 /* stopwatchKinderUITestsLaunchTests.swift */ = {isa = PBXFileReference; lastKnownFileType = sourcecode.swift; path = stopwatchKinderUITestsLaunchTests.swift; sourceTree = "<group>"; };
		DC2F908E2980B6DC00C1C6D4 /* New.swift */ = {isa = PBXFileReference; lastKnownFileType = sourcecode.swift; path = New.swift; sourceTree = "<group>"; };
/* End PBXFileReference section */

/* Begin PBXFrameworksBuildPhase section */
		DC2F905E2980AEA200C1C6D4 /* Frameworks */ = {
			isa = PBXFrameworksBuildPhase;
			buildActionMask = 2147483647;
			files = (
			);
			runOnlyForDeploymentPostprocessing = 0;
		};
		DC2F906E2980AEA400C1C6D4 /* Frameworks */ = {
			isa = PBXFrameworksBuildPhase;
			buildActionMask = 2147483647;
			files = (
			);
			runOnlyForDeploymentPostprocessing = 0;
		};
		DC2F90782980AEA400C1C6D4 /* Frameworks */ = {
			isa = PBXFrameworksBuildPhase;
			buildActionMask = 2147483647;
			files = (
			);
			runOnlyForDeploymentPostprocessing = 0;
		};
/* End PBXFrameworksBuildPhase section */

/* Begin PBXGroup section */
		DC2F90582980AEA200C1C6D4 = {
			isa = PBXGroup;
			children = (
				DC2F90632980AEA200C1C6D4 /* stopwatchKinder */,
				DC2F90742980AEA400C1C6D4 /* stopwatchKinderTests */,
				DC2F907E2980AEA400C1C6D4 /* stopwatchKinderUITests */,
				DC2F90622980AEA200C1C6D4 /* Products */,
			);
			sourceTree = "<group>";
		};
		DC2F90622980AEA200C1C6D4 /* Products */ = {
			isa = PBXGroup;
			children = (
				DC2F90612980AEA200C1C6D4 /* stopwatchKinder.app */,
				DC2F90712980AEA400C1C6D4 /* stopwatchKinderTests.xctest */,
				DC2F907B2980AEA400C1C6D4 /* stopwatchKinderUITests.xctest */,
			);
			name = Products;
			sourceTree = "<group>";
		};
		DC2F90632980AEA200C1C6D4 /* stopwatchKinder */ = {
			isa = PBXGroup;
			children = (
				DC2F90642980AEA200C1C6D4 /* stopwatchKinderApp.swift */,
				DC2F908E2980B6DC00C1C6D4 /* New.swift */,
				DC2F90682980AEA400C1C6D4 /* Assets.xcassets */,
				DC2F906A2980AEA400C1C6D4 /* Preview Content */,
			);
			path = stopwatchKinder;
			sourceTree = "<group>";
		};
		DC2F906A2980AEA400C1C6D4 /* Preview Content */ = {
			isa = PBXGroup;
			children = (
				DC2F906B2980AEA400C1C6D4 /* Preview Assets.xcassets */,
			);
			path = "Preview Content";
			sourceTree = "<group>";
		};
		DC2F90742980AEA400C1C6D4 /* stopwatchKinderTests */ = {
			isa = PBXGroup;
			children = (
				DC2F90752980AEA400C1C6D4 /* stopwatchKinderTests.swift */,
			);
			path = stopwatchKinderTests;
			sourceTree = "<group>";
		};
		DC2F907E2980AEA400C1C6D4 /* stopwatchKinderUITests */ = {
			isa = PBXGroup;
			children = (
				DC2F907F2980AEA400C1C6D4 /* stopwatchKinderUITests.swift */,
				DC2F90812980AEA400C1C6D4 /* stopwatchKinderUITestsLaunchTests.swift */,
			);
			path = stopwatchKinderUITests;
			sourceTree = "<group>";
		};
/* End PBXGroup section */

/* Begin PBXNativeTarget section */
		DC2F90602980AEA200C1C6D4 /* stopwatchKinder */ = {
			isa = PBXNativeTarget;
			buildConfigurationList = DC2F90852980AEA400C1C6D4 /* Build configuration list for PBXNativeTarget "stopwatchKinder" */;
			buildPhases = (
				DC2F905D2980AEA200C1C6D4 /* Sources */,
				DC2F905E2980AEA200C1C6D4 /* Frameworks */,
				DC2F905F2980AEA200C1C6D4 /* Resources */,
			);
			buildRules = (
			);
			dependencies = (
			);
			name = stopwatchKinder;
			productName = stopwatchKinder;
			productReference = DC2F90612980AEA200C1C6D4 /* stopwatchKinder.app */;
			productType = "com.apple.product-type.application";
		};
		DC2F90702980AEA400C1C6D4 /* stopwatchKinderTests */ = {
			isa = PBXNativeTarget;
			buildConfigurationList = DC2F90882980AEA400C1C6D4 /* Build configuration list for PBXNativeTarget "stopwatchKinderTests" */;
			buildPhases = (
				DC2F906D2980AEA400C1C6D4 /* Sources */,
				DC2F906E2980AEA400C1C6D4 /* Frameworks */,
				DC2F906F2980AEA400C1C6D4 /* Resources */,
			);
			buildRules = (
			);
			dependencies = (
				DC2F90732980AEA400C1C6D4 /* PBXTargetDependency */,
			);
			name = stopwatchKinderTests;
			productName = stopwatchKinderTests;
			productReference = DC2F90712980AEA400C1C6D4 /* stopwatchKinderTests.xctest */;
			productType = "com.apple.product-type.bundle.unit-test";
		};
		DC2F907A2980AEA400C1C6D4 /* stopwatchKinderUITests */ = {
			isa = PBXNativeTarget;
			buildConfigurationList = DC2F908B2980AEA400C1C6D4 /* Build configuration list for PBXNativeTarget "stopwatchKinderUITests" */;
			buildPhases = (
				DC2F90772980AEA400C1C6D4 /* Sources */,
				DC2F90782980AEA400C1C6D4 /* Frameworks */,
				DC2F90792980AEA400C1C6D4 /* Resources */,
			);
			buildRules = (
			);
			dependencies = (
				DC2F907D2980AEA400C1C6D4 /* PBXTargetDependency */,
			);
			name = stopwatchKinderUITests;
			productName = stopwatchKinderUITests;
			productReference = DC2F907B2980AEA400C1C6D4 /* stopwatchKinderUITests.xctest */;
			productType = "com.apple.product-type.bundle.ui-testing";
		};
/* End PBXNativeTarget section */

/* Begin PBXProject section */
		DC2F90592980AEA200C1C6D4 /* Project object */ = {
			isa = PBXProject;
			attributes = {
				BuildIndependentTargetsInParallel = 1;
				LastSwiftUpdateCheck = 1410;
				LastUpgradeCheck = 1410;
				TargetAttributes = {
					DC2F90602980AEA200C1C6D4 = {
						CreatedOnToolsVersion = 14.1;
					};
					DC2F90702980AEA400C1C6D4 = {
						CreatedOnToolsVersion = 14.1;
						TestTargetID = DC2F90602980AEA200C1C6D4;
					};
					DC2F907A2980AEA400C1C6D4 = {
						CreatedOnToolsVersion = 14.1;
						TestTargetID = DC2F90602980AEA200C1C6D4;
					};
				};
			};
			buildConfigurationList = DC2F905C2980AEA200C1C6D4 /* Build configuration list for PBXProject "stopwatchKinder" */;
			compatibilityVersion = "Xcode 14.0";
			developmentRegion = en;
			hasScannedForEncodings = 0;
			knownRegions = (
				en,
				Base,
			);
			mainGroup = DC2F90582980AEA200C1C6D4;
			productRefGroup = DC2F90622980AEA200C1C6D4 /* Products */;
			projectDirPath = "";
			projectRoot = "";
			targets = (
				DC2F90602980AEA200C1C6D4 /* stopwatchKinder */,
				DC2F90702980AEA400C1C6D4 /* stopwatchKinderTests */,
				DC2F907A2980AEA400C1C6D4 /* stopwatchKinderUITests */,
			);
		};
/* End PBXProject section */

/* Begin PBXResourcesBuildPhase section */
		DC2F905F2980AEA200C1C6D4 /* Resources */ = {
			isa = PBXResourcesBuildPhase;
			buildActionMask = 2147483647;
			files = (
				DC2F906C2980AEA400C1C6D4 /* Preview Assets.xcassets in Resources */,
				DC2F90692980AEA400C1C6D4 /* Assets.xcassets in Resources */,
			);
			runOnlyForDeploymentPostprocessing = 0;
		};
		DC2F906F2980AEA400C1C6D4 /* Resources */ = {
			isa = PBXResourcesBuildPhase;
			buildActionMask = 2147483647;
			files = (
			);
			runOnlyForDeploymentPostprocessing = 0;
		};
		DC2F90792980AEA400C1C6D4 /* Resources */ = {
			isa = PBXResourcesBuildPhase;
			buildActionMask = 2147483647;
			files = (
			);
			runOnlyForDeploymentPostprocessing = 0;
		};
/* End PBXResourcesBuildPhase section */

/* Begin PBXSourcesBuildPhase section */
		DC2F905D2980AEA200C1C6D4 /* Sources */ = {
			isa = PBXSourcesBuildPhase;
			buildActionMask = 2147483647;
			files = (
				DC2F908F2980B6DC00C1C6D4 /* New.swift in Sources */,
				DC2F90652980AEA200C1C6D4 /* stopwatchKinderApp.swift in Sources */,
			);
			runOnlyForDeploymentPostprocessing = 0;
		};
		DC2F906D2980AEA400C1C6D4 /* Sources */ = {
			isa = PBXSourcesBuildPhase;
			buildActionMask = 2147483647;
			files = (
				DC2F90762980AEA400C1C6D4 /* stopwatchKinderTests.swift in Sources */,
			);
			runOnlyForDeploymentPostprocessing = 0;
		};
		DC2F90772980AEA400C1C6D4 /* Sources */ = {
			isa = PBXSourcesBuildPhase;
			buildActionMask = 2147483647;
			files = (
				DC2F90802980AEA400C1C6D4 /* stopwatchKinderUITests.swift in Sources */,
				DC2F90822980AEA400C1C6D4 /* stopwatchKinderUITestsLaunchTests.swift in Sources */,
			);
			runOnlyForDeploymentPostprocessing = 0;
		};
/* End PBXSourcesBuildPhase section */

/* Begin PBXTargetDependency section */
		DC2F90732980AEA400C1C6D4 /* PBXTargetDependency */ = {
			isa = PBXTargetDependency;
			target = DC2F90602980AEA200C1C6D4 /* stopwatchKinder */;
			targetProxy = DC2F90722980AEA400C1C6D4 /* PBXContainerItemProxy */;
		};
		DC2F907D2980AEA400C1C6D4 /* PBXTargetDependency */ = {
			isa = PBXTargetDependency;
			target = DC2F90602980AEA200C1C6D4 /* stopwatchKinder */;
			targetProxy = DC2F907C2980AEA400C1C6D4 /* PBXContainerItemProxy */;
		};
/* End PBXTargetDependency section */

/* Begin XCBuildConfiguration section */
		DC2F90832980AEA400C1C6D4 /* Debug */ = {
			isa = XCBuildConfiguration;
			buildSettings = {
				ALWAYS_SEARCH_USER_PATHS = NO;
				CLANG_ANALYZER_NONNULL = YES;
				CLANG_ANALYZER_NUMBER_OBJECT_CONVERSION = YES_AGGRESSIVE;
				CLANG_CXX_LANGUAGE_STANDARD = "gnu++20";
				CLANG_ENABLE_MODULES = YES;
				CLANG_ENABLE_OBJC_ARC = YES;
				CLANG_ENABLE_OBJC_WEAK = YES;
				CLANG_WARN_BLOCK_CAPTURE_AUTORELEASING = YES;
				CLANG_WARN_BOOL_CONVERSION = YES;
				CLANG_WARN_COMMA = YES;
				CLANG_WARN_CONSTANT_CONVERSION = YES;
				CLANG_WARN_DEPRECATED_OBJC_IMPLEMENTATIONS = YES;
				CLANG_WARN_DIRECT_OBJC_ISA_USAGE = YES_ERROR;
				CLANG_WARN_DOCUMENTATION_COMMENTS = YES;
				CLANG_WARN_EMPTY_BODY = YES;
				CLANG_WARN_ENUM_CONVERSION = YES;
				CLANG_WARN_INFINITE_RECURSION = YES;
				CLANG_WARN_INT_CONVERSION = YES;
				CLANG_WARN_NON_LITERAL_NULL_CONVERSION = YES;
				CLANG_WARN_OBJC_IMPLICIT_RETAIN_SELF = YES;
				CLANG_WARN_OBJC_LITERAL_CONVERSION = YES;
				CLANG_WARN_OBJC_ROOT_CLASS = YES_ERROR;
				CLANG_WARN_QUOTED_INCLUDE_IN_FRAMEWORK_HEADER = YES;
				CLANG_WARN_RANGE_LOOP_ANALYSIS = YES;
				CLANG_WARN_STRICT_PROTOTYPES = YES;
				CLANG_WARN_SUSPICIOUS_MOVE = YES;
				CLANG_WARN_UNGUARDED_AVAILABILITY = YES_AGGRESSIVE;
				CLANG_WARN_UNREACHABLE_CODE = YES;
				CLANG_WARN__DUPLICATE_METHOD_MATCH = YES;
				COPY_PHASE_STRIP = NO;
				DEBUG_INFORMATION_FORMAT = dwarf;
				ENABLE_STRICT_OBJC_MSGSEND = YES;
				ENABLE_TESTABILITY = YES;
				GCC_C_LANGUAGE_STANDARD = gnu11;
				GCC_DYNAMIC_NO_PIC = NO;
				GCC_NO_COMMON_BLOCKS = YES;
				GCC_OPTIMIZATION_LEVEL = 0;
				GCC_PREPROCESSOR_DEFINITIONS = (
					"DEBUG=1",
					"$(inherited)",
				);
				GCC_WARN_64_TO_32_BIT_CONVERSION = YES;
				GCC_WARN_ABOUT_RETURN_TYPE = YES_ERROR;
				GCC_WARN_UNDECLARED_SELECTOR = YES;
				GCC_WARN_UNINITIALIZED_AUTOS = YES_AGGRESSIVE;
				GCC_WARN_UNUSED_FUNCTION = YES;
				GCC_WARN_UNUSED_VARIABLE = YES;
				IPHONEOS_DEPLOYMENT_TARGET = 16.1;
				MTL_ENABLE_DEBUG_INFO = INCLUDE_SOURCE;
				MTL_FAST_MATH = YES;
				ONLY_ACTIVE_ARCH = YES;
				SDKROOT = iphoneos;
				SWIFT_ACTIVE_COMPILATION_CONDITIONS = DEBUG;
				SWIFT_OPTIMIZATION_LEVEL = "-Onone";
			};
			name = Debug;
		};
		DC2F90842980AEA400C1C6D4 /* Release */ = {
			isa = XCBuildConfiguration;
			buildSettings = {
				ALWAYS_SEARCH_USER_PATHS = NO;
				CLANG_ANALYZER_NONNULL = YES;
				CLANG_ANALYZER_NUMBER_OBJECT_CONVERSION = YES_AGGRESSIVE;
				CLANG_CXX_LANGUAGE_STANDARD = "gnu++20";
				CLANG_ENABLE_MODULES = YES;
				CLANG_ENABLE_OBJC_ARC = YES;
				CLANG_ENABLE_OBJC_WEAK = YES;
				CLANG_WARN_BLOCK_CAPTURE_AUTORELEASING = YES;
				CLANG_WARN_BOOL_CONVERSION = YES;
				CLANG_WARN_COMMA = YES;
				CLANG_WARN_CONSTANT_CONVERSION = YES;
				CLANG_WARN_DEPRECATED_OBJC_IMPLEMENTATIONS = YES;
				CLANG_WARN_DIRECT_OBJC_ISA_USAGE = YES_ERROR;
				CLANG_WARN_DOCUMENTATION_COMMENTS = YES;
				CLANG_WARN_EMPTY_BODY = YES;
				CLANG_WARN_ENUM_CONVERSION = YES;
				CLANG_WARN_INFINITE_RECURSION = YES;
				CLANG_WARN_INT_CONVERSION = YES;
				CLANG_WARN_NON_LITERAL_NULL_CONVERSION = YES;
				CLANG_WARN_OBJC_IMPLICIT_RETAIN_SELF = YES;
				CLANG_WARN_OBJC_LITERAL_CONVERSION = YES;
				CLANG_WARN_OBJC_ROOT_CLASS = YES_ERROR;
				CLANG_WARN_QUOTED_INCLUDE_IN_FRAMEWORK_HEADER = YES;
				CLANG_WARN_RANGE_LOOP_ANALYSIS = YES;
				CLANG_WARN_STRICT_PROTOTYPES = YES;
				CLANG_WARN_SUSPICIOUS_MOVE = YES;
				CLANG_WARN_UNGUARDED_AVAILABILITY = YES_AGGRESSIVE;
				CLANG_WARN_UNREACHABLE_CODE = YES;
				CLANG_WARN__DUPLICATE_METHOD_MATCH = YES;
				COPY_PHASE_STRIP = NO;
				DEBUG_INFORMATION_FORMAT = "dwarf-with-dsym";
				ENABLE_NS_ASSERTIONS = NO;
				ENABLE_STRICT_OBJC_MSGSEND = YES;
				GCC_C_LANGUAGE_STANDARD = gnu11;
				GCC_NO_COMMON_BLOCKS = YES;
				GCC_WARN_64_TO_32_BIT_CONVERSION = YES;
				GCC_WARN_ABOUT_RETURN_TYPE = YES_ERROR;
				GCC_WARN_UNDECLARED_SELECTOR = YES;
				GCC_WARN_UNINITIALIZED_AUTOS = YES_AGGRESSIVE;
				GCC_WARN_UNUSED_FUNCTION = YES;
				GCC_WARN_UNUSED_VARIABLE = YES;
				IPHONEOS_DEPLOYMENT_TARGET = 16.1;
				MTL_ENABLE_DEBUG_INFO = NO;
				MTL_FAST_MATH = YES;
				SDKROOT = iphoneos;
				SWIFT_COMPILATION_MODE = wholemodule;
				SWIFT_OPTIMIZATION_LEVEL = "-O";
				VALIDATE_PRODUCT = YES;
			};
			name = Release;
		};
		DC2F90862980AEA400C1C6D4 /* Debug */ = {
			isa = XCBuildConfiguration;
			buildSettings = {
				ASSETCATALOG_COMPILER_APPICON_NAME = AppIcon;
				ASSETCATALOG_COMPILER_GLOBAL_ACCENT_COLOR_NAME = AccentColor;
				CODE_SIGN_STYLE = Automatic;
				CURRENT_PROJECT_VERSION = 1;
				DEVELOPMENT_ASSET_PATHS = "\"stopwatchKinder/Preview Content\"";
				DEVELOPMENT_TEAM = 55GA7YXM52;
				ENABLE_PREVIEWS = YES;
				GENERATE_INFOPLIST_FILE = YES;
				INFOPLIST_KEY_UIApplicationSceneManifest_Generation = YES;
				INFOPLIST_KEY_UIApplicationSupportsIndirectInputEvents = YES;
				INFOPLIST_KEY_UILaunchScreen_Generation = YES;
				INFOPLIST_KEY_UISupportedInterfaceOrientations_iPad = "UIInterfaceOrientationPortrait UIInterfaceOrientationPortraitUpsideDown UIInterfaceOrientationLandscapeLeft UIInterfaceOrientationLandscapeRight";
				INFOPLIST_KEY_UISupportedInterfaceOrientations_iPhone = "UIInterfaceOrientationPortrait UIInterfaceOrientationLandscapeLeft UIInterfaceOrientationLandscapeRight";
				LD_RUNPATH_SEARCH_PATHS = (
					"$(inherited)",
					"@executable_path/Frameworks",
				);
				MARKETING_VERSION = 1.0;
				PRODUCT_BUNDLE_IDENTIFIER = kinder.stopwatchKinder;
				PRODUCT_NAME = "$(TARGET_NAME)";
				SWIFT_EMIT_LOC_STRINGS = YES;
				SWIFT_VERSION = 5.0;
				TARGETED_DEVICE_FAMILY = "1,2";
			};
			name = Debug;
		};
		DC2F90872980AEA400C1C6D4 /* Release */ = {
			isa = XCBuildConfiguration;
			buildSettings = {
				ASSETCATALOG_COMPILER_APPICON_NAME = AppIcon;
				ASSETCATALOG_COMPILER_GLOBAL_ACCENT_COLOR_NAME = AccentColor;
				CODE_SIGN_STYLE = Automatic;
				CURRENT_PROJECT_VERSION = 1;
				DEVELOPMENT_ASSET_PATHS = "\"stopwatchKinder/Preview Content\"";
				DEVELOPMENT_TEAM = 55GA7YXM52;
				ENABLE_PREVIEWS = YES;
				GENERATE_INFOPLIST_FILE = YES;
				INFOPLIST_KEY_UIApplicationSceneManifest_Generation = YES;
				INFOPLIST_KEY_UIApplicationSupportsIndirectInputEvents = YES;
				INFOPLIST_KEY_UILaunchScreen_Generation = YES;
				INFOPLIST_KEY_UISupportedInterfaceOrientations_iPad = "UIInterfaceOrientationPortrait UIInterfaceOrientationPortraitUpsideDown UIInterfaceOrientationLandscapeLeft UIInterfaceOrientationLandscapeRight";
				INFOPLIST_KEY_UISupportedInterfaceOrientations_iPhone = "UIInterfaceOrientationPortrait UIInterfaceOrientationLandscapeLeft UIInterfaceOrientationLandscapeRight";
				LD_RUNPATH_SEARCH_PATHS = (
					"$(inherited)",
					"@executable_path/Frameworks",
				);
				MARKETING_VERSION = 1.0;
				PRODUCT_BUNDLE_IDENTIFIER = kinder.stopwatchKinder;
				PRODUCT_NAME = "$(TARGET_NAME)";
				SWIFT_EMIT_LOC_STRINGS = YES;
				SWIFT_VERSION = 5.0;
				TARGETED_DEVICE_FAMILY = "1,2";
			};
			name = Release;
		};
		DC2F90892980AEA400C1C6D4 /* Debug */ = {
			isa = XCBuildConfiguration;
			buildSettings = {
				ALWAYS_EMBED_SWIFT_STANDARD_LIBRARIES = YES;
				BUNDLE_LOADER = "$(TEST_HOST)";
				CODE_SIGN_STYLE = Automatic;
				CURRENT_PROJECT_VERSION = 1;
				DEVELOPMENT_TEAM = 55GA7YXM52;
				GENERATE_INFOPLIST_FILE = YES;
				IPHONEOS_DEPLOYMENT_TARGET = 16.1;
				MARKETING_VERSION = 1.0;
				PRODUCT_BUNDLE_IDENTIFIER = kinder.stopwatchKinderTests;
				PRODUCT_NAME = "$(TARGET_NAME)";
				SWIFT_EMIT_LOC_STRINGS = NO;
				SWIFT_VERSION = 5.0;
				TARGETED_DEVICE_FAMILY = "1,2";
				TEST_HOST = "$(BUILT_PRODUCTS_DIR)/stopwatchKinder.app/$(BUNDLE_EXECUTABLE_FOLDER_PATH)/stopwatchKinder";
			};
			name = Debug;
		};
		DC2F908A2980AEA400C1C6D4 /* Release */ = {
			isa = XCBuildConfiguration;
			buildSettings = {
				ALWAYS_EMBED_SWIFT_STANDARD_LIBRARIES = YES;
				BUNDLE_LOADER = "$(TEST_HOST)";
				CODE_SIGN_STYLE = Automatic;
				CURRENT_PROJECT_VERSION = 1;
				DEVELOPMENT_TEAM = 55GA7YXM52;
				GENERATE_INFOPLIST_FILE = YES;
				IPHONEOS_DEPLOYMENT_TARGET = 16.1;
				MARKETING_VERSION = 1.0;
				PRODUCT_BUNDLE_IDENTIFIER = kinder.stopwatchKinderTests;
				PRODUCT_NAME = "$(TARGET_NAME)";
				SWIFT_EMIT_LOC_STRINGS = NO;
				SWIFT_VERSION = 5.0;
				TARGETED_DEVICE_FAMILY = "1,2";
				TEST_HOST = "$(BUILT_PRODUCTS_DIR)/stopwatchKinder.app/$(BUNDLE_EXECUTABLE_FOLDER_PATH)/stopwatchKinder";
			};
			name = Release;
		};
		DC2F908C2980AEA400C1C6D4 /* Debug */ = {
			isa = XCBuildConfiguration;
			buildSettings = {
				ALWAYS_EMBED_SWIFT_STANDARD_LIBRARIES = YES;
				CODE_SIGN_STYLE = Automatic;
				CURRENT_PROJECT_VERSION = 1;
				DEVELOPMENT_TEAM = 55GA7YXM52;
				GENERATE_INFOPLIST_FILE = YES;
				MARKETING_VERSION = 1.0;
				PRODUCT_BUNDLE_IDENTIFIER = kinder.stopwatchKinderUITests;
				PRODUCT_NAME = "$(TARGET_NAME)";
				SWIFT_EMIT_LOC_STRINGS = NO;
				SWIFT_VERSION = 5.0;
				TARGETED_DEVICE_FAMILY = "1,2";
				TEST_TARGET_NAME = stopwatchKinder;
			};
			name = Debug;
		};
		DC2F908D2980AEA400C1C6D4 /* Release */ = {
			isa = XCBuildConfiguration;
			buildSettings = {
				ALWAYS_EMBED_SWIFT_STANDARD_LIBRARIES = YES;
				CODE_SIGN_STYLE = Automatic;
				CURRENT_PROJECT_VERSION = 1;
				DEVELOPMENT_TEAM = 55GA7YXM52;
				GENERATE_INFOPLIST_FILE = YES;
				MARKETING_VERSION = 1.0;
				PRODUCT_BUNDLE_IDENTIFIER = kinder.stopwatchKinderUITests;
				PRODUCT_NAME = "$(TARGET_NAME)";
				SWIFT_EMIT_LOC_STRINGS = NO;
				SWIFT_VERSION = 5.0;
				TARGETED_DEVICE_FAMILY = "1,2";
				TEST_TARGET_NAME = stopwatchKinder;
			};
			name = Release;
		};
/* End XCBuildConfiguration section */

/* Begin XCConfigurationList section */
		DC2F905C2980AEA200C1C6D4 /* Build configuration list for PBXProject "stopwatchKinder" */ = {
			isa = XCConfigurationList;
			buildConfigurations = (
				DC2F90832980AEA400C1C6D4 /* Debug */,
				DC2F90842980AEA400C1C6D4 /* Release */,
			);
			defaultConfigurationIsVisible = 0;
			defaultConfigurationName = Release;
		};
		DC2F90852980AEA400C1C6D4 /* Build configuration list for PBXNativeTarget "stopwatchKinder" */ = {
			isa = XCConfigurationList;
			buildConfigurations = (
				DC2F90862980AEA400C1C6D4 /* Debug */,
				DC2F90872980AEA400C1C6D4 /* Release */,
			);
			defaultConfigurationIsVisible = 0;
			defaultConfigurationName = Release;
		};
		DC2F90882980AEA400C1C6D4 /* Build configuration list for PBXNativeTarget "stopwatchKinderTests" */ = {
			isa = XCConfigurationList;
			buildConfigurations = (
				DC2F90892980AEA400C1C6D4 /* Debug */,
				DC2F908A2980AEA400C1C6D4 /* Release */,
			);
			defaultConfigurationIsVisible = 0;
			defaultConfigurationName = Release;
		};
		DC2F908B2980AEA400C1C6D4 /* Build configuration list for PBXNativeTarget "stopwatchKinderUITests" */ = {
			isa = XCConfigurationList;
			buildConfigurations = (
				DC2F908C2980AEA400C1C6D4 /* Debug */,
				DC2F908D2980AEA400C1C6D4 /* Release */,
			);
			defaultConfigurationIsVisible = 0;
			defaultConfigurationName = Release;
		};
/* End XCConfigurationList section */
	};
	rootObject = DC2F90592980AEA200C1C6D4 /* Project object */;
}
